
Microsoft Visual Studio Solution File, Format Version 12.00
# Visual Studio Version 16
VisualStudioVersion = 16.0.32901.82
MinimumVisualStudioVersion = 10.0.40219.1
Project("{FAE04EC0-301F-11D3-BF4B-00C04F79EFBC}") = "ADPCM", "ADPCM\ADPCM.csproj", "{00A97928-7BCA-41D5-8D7E-FFE207E56551}"
EndProject
Global
	GlobalSection(SolutionConfigurationPlatforms) = preSolution
		Debug|Any CPU = Debug|Any CPU
		Release|Any CPU = Release|Any CPU
	EndGlobalSection
	GlobalSection(ProjectConfigurationPlatforms) = postSolution
		{00A97928-7BCA-41D5-8D7E-FFE207E56551}.Debug|Any CPU.ActiveCfg = Debug|Any CPU
		{00A97928-7BCA-41D5-8D7E-FFE207E56551}.Debug|Any CPU.Build.0 = Debug|Any CPU
		{00A97928-7BCA-41D5-8D7E-FFE207E56551}.Release|Any CPU.ActiveCfg = Release|Any CPU
		{00A97928-7BCA-41D5-8D7E-FFE207E56551}.Release|Any CPU.Build.0 = Release|Any CPU
	EndGlobalSection
	GlobalSection(SolutionProperties) = preSolution
		HideSolutionNode = FALSE
	EndGlobalSection
	GlobalSection(ExtensibilityGlobals) = postSolution
		SolutionGuid = {A7D4AE97-C690-45F3-8A2C-E959A704C390}
	EndGlobalSection
EndGlobal
